
Microsoft Visual Studio Solution File, Format Version 12.00
# Visual Studio 15
VisualStudioVersion = 15.0.28010.2036
MinimumVisualStudioVersion = 10.0.40219.1
Project("{FAE04EC0-301F-11D3-BF4B-00C04F79EFBC}") = "CHIS.Core", "CHIS.Core\CHIS.Core.csproj", "{0DB7EDE4-67FF-461C-A5F2-0F57FCABDEAF}"
EndProject
Project("{FAE04EC0-301F-11D3-BF4B-00C04F79EFBC}") = "CHIS.Console", "CHIS.Console\CHIS.Console.csproj", "{8395392C-7CC0-44EB-8E52-9FD057488FA9}"
EndProject
Project("{FAE04EC0-301F-11D3-BF4B-00C04F79EFBC}") = "CHIS.WebApi", "CHIS.WebApi\CHIS.WebApi.csproj", "{04A4B522-B109-4E94-8B08-72E6E5DBAADF}"
EndProject
Global
	GlobalSection(SolutionConfigurationPlatforms) = preSolution
		Debug|Any CPU = Debug|Any CPU
		Release|Any CPU = Release|Any CPU
	EndGlobalSection
	GlobalSection(ProjectConfigurationPlatforms) = postSolution
		{0DB7EDE4-67FF-461C-A5F2-0F57FCABDEAF}.Debug|Any CPU.ActiveCfg = Debug|Any CPU
		{0DB7EDE4-67FF-461C-A5F2-0F57FCABDEAF}.Debug|Any CPU.Build.0 = Debug|Any CPU
		{0DB7EDE4-67FF-461C-A5F2-0F57FCABDEAF}.Release|Any CPU.ActiveCfg = Release|Any CPU
		{0DB7EDE4-67FF-461C-A5F2-0F57FCABDEAF}.Release|Any CPU.Build.0 = Release|Any CPU
		{8395392C-7CC0-44EB-8E52-9FD057488FA9}.Debug|Any CPU.ActiveCfg = Debug|Any CPU
		{8395392C-7CC0-44EB-8E52-9FD057488FA9}.Debug|Any CPU.Build.0 = Debug|Any CPU
		{8395392C-7CC0-44EB-8E52-9FD057488FA9}.Release|Any CPU.ActiveCfg = Release|Any CPU
		{8395392C-7CC0-44EB-8E52-9FD057488FA9}.Release|Any CPU.Build.0 = Release|Any CPU
		{04A4B522-B109-4E94-8B08-72E6E5DBAADF}.Debug|Any CPU.ActiveCfg = Debug|Any CPU
		{04A4B522-B109-4E94-8B08-72E6E5DBAADF}.Debug|Any CPU.Build.0 = Debug|Any CPU
		{04A4B522-B109-4E94-8B08-72E6E5DBAADF}.Release|Any CPU.ActiveCfg = Release|Any CPU
		{04A4B522-B109-4E94-8B08-72E6E5DBAADF}.Release|Any CPU.Build.0 = Release|Any CPU
	EndGlobalSection
	GlobalSection(SolutionProperties) = preSolution
		HideSolutionNode = FALSE
	EndGlobalSection
	GlobalSection(ExtensibilityGlobals) = postSolution
		SolutionGuid = {018C10FF-DEEF-48C1-9AB0-7E2D9D804027}
	EndGlobalSection
EndGlobal
